
Microsoft Visual Studio Solution File, Format Version 12.00
# Visual Studio Version 16
VisualStudioVersion = 16.0.30309.148
MinimumVisualStudioVersion = 10.0.40219.1
Project("{8BC9CEB8-8B4A-11D0-8D11-00A0C91BC942}") = "BLMGJ", "BLMGJ\BLMGJ.vcxproj", "{32C064B2-6A79-4E5B-A8D5-8DBF6AA35BBE}"
EndProject
Global
	GlobalSection(SolutionConfigurationPlatforms) = preSolution
		Debug|x64 = Debug|x64
		Debug|x86 = Debug|x86
		Release|x64 = Release|x64
		Release|x86 = Release|x86
	EndGlobalSection
	GlobalSection(ProjectConfigurationPlatforms) = postSolution
		{32C064B2-6A79-4E5B-A8D5-8DBF6AA35BBE}.Debug|x64.ActiveCfg = Debug|x64
		{32C064B2-6A79-4E5B-A8D5-8DBF6AA35BBE}.Debug|x64.Build.0 = Debug|x64
		{32C064B2-6A79-4E5B-A8D5-8DBF6AA35BBE}.Debug|x86.ActiveCfg = Debug|Win32
		{32C064B2-6A79-4E5B-A8D5-8DBF6AA35BBE}.Debug|x86.Build.0 = Debug|Win32
		{32C064B2-6A79-4E5B-A8D5-8DBF6AA35BBE}.Release|x64.ActiveCfg = Release|x64
		{32C064B2-6A79-4E5B-A8D5-8DBF6AA35BBE}.Release|x64.Build.0 = Release|x64
		{32C064B2-6A79-4E5B-A8D5-8DBF6AA35BBE}.Release|x86.ActiveCfg = Release|Win32
		{32C064B2-6A79-4E5B-A8D5-8DBF6AA35BBE}.Release|x86.Build.0 = Release|Win32
	EndGlobalSection
	GlobalSection(SolutionProperties) = preSolution
		HideSolutionNode = FALSE
	EndGlobalSection
	GlobalSection(ExtensibilityGlobals) = postSolution
		SolutionGuid = {704644EB-5067-472A-891A-3EC9D54B8819}
	EndGlobalSection
EndGlobal
