<?xml version="1.0" encoding="utf-8"?>
<Project ToolsVersion="4.0" xmlns="http://schemas.microsoft.com/developer/msbuild/2003">
  <ItemGroup>
    <ClCompile Include="src\batchSpriteRenderer.cpp" />
    <ClCompile Include="src\battlefield.cpp" />
    <ClCompile Include="src\card.cpp" />
    <ClCompile Include="src\CardRenderer.cpp" />
    <ClCompile Include="src\frameUpdater.cpp" />
    <ClCompile Include="src\hand.cpp" />
    <ClCompile Include="src\main.cpp" />
    <ClCompile Include="src\gameObject.cpp" />
    <ClCompile Include="src\monster.cpp" />
    <ClCompile Include="src\monsterData.cpp" />
    <ClCompile Include="src\player.cpp" />
    <ClCompile Include="src\projectile.cpp" />
    <ClCompile Include="src\sprite.cpp" />
    <ClCompile Include="src\discard.cpp" />
    <ClCompile Include="src\drawDeck.cpp" />
  </ItemGroup>
  <ItemGroup>
    <ClInclude Include="src\battlefield.h" />
    <ClInclude Include="src\card.h" />
    <ClInclude Include="src\CardRenderer.h" />
    <ClInclude Include="src\frameUpdater.h" />
    <ClInclude Include="src\game.h" />
    <ClInclude Include="src\gameObject.h" />
    <ClInclude Include="src\monster.h" />
    <ClInclude Include="src\monsterData.h" />
    <ClInclude Include="src\player.h" />
    <ClInclude Include="src\projectile.h" />
    <ClInclude Include="src\settings.h" />
    <ClInclude Include="src\shader.h" />
    <ClInclude Include="src\sprite.h" />
    <ClInclude Include="src\batchSpriteRenderer.h" />
    <ClInclude Include="src\TextManager.h" />
    <ClInclude Include="src\Time.h" />
    <ClInclude Include="src\discard.h" />
    <ClInclude Include="src\drawDeck.h" />
    <ClInclude Include="src\hand.h" />
    <ClInclude Include="src\math.h" />
  </ItemGroup>
  <ItemGroup>
    <None Include="packages.config" />
    <None Include="src\cardTextDefault.frag" />
    <None Include="src\shaders\cardBackDefault.frag" />
    <None Include="src\shaders\cardBackDefault.vert" />
    <None Include="src\shaders\default.frag" />
    <None Include="src\shaders\default.vert" />
    <None Include="src\shaders\red.frag" />
  </ItemGroup>
  <ItemGroup>
    <Text Include="src\NewFile.txt" />
  </ItemGroup>
  <ItemGroup>
    <Image Include="src\sprites\mat.png" />
  </ItemGroup>
</Project>