<?xml version="1.0" encoding="utf-8"?>
<Project ToolsVersion="4.0" xmlns="http://schemas.microsoft.com/developer/msbuild/2003">
  <ItemGroup>
    <ClCompile Include="src\batchSpriteRenderer.cpp" />
    <ClCompile Include="src\battlefield.cpp" />
    <ClCompile Include="src\card.cpp" />
    <ClCompile Include="src\CardRenderer.cpp" />
    <ClCompile Include="src\frameUpdater.cpp" />
    <ClCompile Include="src\hand.cpp" />
    <ClCompile Include="src\main.cpp" />
    <ClCompile Include="src\gameObject.cpp" />
    <ClCompile Include="src\monster.cpp" />
    <ClCompile Include="src\monsterData.cpp" />
    <ClCompile Include="src\player.cpp" />
    <ClCompile Include="src\projectile.cpp" />
    <ClCompile Include="src\sprite.cpp" />
    <ClCompile Include="src\discard.cpp" />
    <ClCompile Include="src\drawDeck.cpp" />
    <ClCompile Include="src\TextManager.cpp" />
    <ClCompile Include="src\Time.cpp" />
    <ClCompile Include="src\cursorMoveUpdater.cpp" />
    <ClCompile Include="src\math.cpp" />
    <ClCompile Include="src\inputUpdater.cpp" />
  </ItemGroup>
  <ItemGroup>
    <ClInclude Include="src\battlefield.h" />
    <ClInclude Include="src\card.h" />
    <ClInclude Include="src\CardRenderer.h" />
    <ClInclude Include="src\frameUpdater.h" />
    <ClInclude Include="src\game.h" />
    <ClInclude Include="src\gameObject.h" />
    <ClInclude Include="src\monster.h" />
    <ClInclude Include="src\monsterData.h" />
    <ClInclude Include="src\OffScreenRender.h" />
    <ClInclude Include="src\player.h" />
    <ClInclude Include="src\projectile.h" />
    <ClInclude Include="src\settings.h" />
    <ClInclude Include="src\shader.h" />
    <ClInclude Include="src\sprite.h" />
    <ClInclude Include="src\batchSpriteRenderer.h" />
    <ClInclude Include="src\TextManager.h" />
    <ClInclude Include="src\Time.h" />
    <ClInclude Include="src\discard.h" />
    <ClInclude Include="src\drawDeck.h" />
    <ClInclude Include="src\hand.h" />
    <ClInclude Include="src\math.h" />

    <ClCompile Include="src\main.cpp">
      <Filter>Source Files</Filter>
    </ClCompile>
    <ClCompile Include="src\gameObject.cpp">
      <Filter>Source Files</Filter>
    </ClCompile>
    <ClCompile Include="src\sprite.cpp">
      <Filter>Source Files</Filter>
    </ClCompile>
    <ClCompile Include="src\batchSpriteRenderer.cpp">
      <Filter>Source Files</Filter>
    </ClCompile>
    <ClCompile Include="src\player.cpp">
      <Filter>Source Files</Filter>
    </ClCompile>
    <ClCompile Include="src\frameUpdater.cpp">
      <Filter>Source Files</Filter>
    </ClCompile>
    <ClCompile Include="src\monsterData.cpp">
      <Filter>Source Files</Filter>
    </ClCompile>
    <ClCompile Include="src\projectile.cpp">
      <Filter>Source Files</Filter>
    </ClCompile>
    <ClCompile Include="src\monster.cpp">
      <Filter>Source Files</Filter>
    </ClCompile>
    <ClCompile Include="src\battlefield.cpp">
      <Filter>Source Files</Filter>
    </ClCompile>
    <ClCompile Include="src\card.cpp">
      <Filter>Source Files</Filter>
    </ClCompile>
    <ClCompile Include="src\CardRenderer.cpp">
      <Filter>Source Files</Filter>
    </ClCompile>
    <ClCompile Include="src\TextManager.cpp">
      <Filter>Source Files</Filter>
    </ClCompile>
    <ClInclude Include="src\CursorMoveUpdater.h" />
    <ClInclude Include="src\shooter.h" />
    <ClInclude Include="src\inputUpdater.h" />
  </ItemGroup>
  <ItemGroup>
    <Image Include="src\sprites\mat.png" />
  </ItemGroup>
  <ItemGroup>
    <None Include="packages.config" />
    <None Include="src\shaders\cardBackDefault.frag" />
    <None Include="src\shaders\cardBackDefault.vert" />
    <None Include="src\shaders\cardTextDefault.frag" />
    <None Include="src\shaders\cardTextDefault.vert" />
    <None Include="src\shaders\default.frag" />
    <None Include="src\shaders\default.vert" />
    <None Include="src\shaders\red.frag" />
  </ItemGroup>
  <ItemGroup>
    <ClInclude Include="src\gameObject.h">
      <Filter>Header Files</Filter>
    </ClInclude>
    <ClInclude Include="src\shader.h">
      <Filter>Header Files</Filter>
    </ClInclude>
    <ClInclude Include="src\sprite.h">
      <Filter>Header Files</Filter>
    </ClInclude>
    <ClInclude Include="src\batchSpriteRenderer.h">
      <Filter>Header Files</Filter>
    </ClInclude>
    <ClInclude Include="src\settings.h">
      <Filter>Header Files</Filter>
    </ClInclude>
    <ClInclude Include="src\player.h">
      <Filter>Header Files</Filter>
    </ClInclude>
    <ClInclude Include="src\Time.h">
      <Filter>Header Files</Filter>
    </ClInclude>
    <ClInclude Include="src\frameUpdater.h">
      <Filter>Header Files</Filter>
    </ClInclude>
    <ClInclude Include="src\game.h">
      <Filter>Header Files</Filter>
    </ClInclude>
    <ClInclude Include="src\CardRenderer.h">
      <Filter>Header Files</Filter>
    </ClInclude>
    <ClInclude Include="src\projectile.h">
      <Filter>Header Files</Filter>
    </ClInclude>
    <ClInclude Include="src\monsterData.h">
      <Filter>Header Files</Filter>
    </ClInclude>
    <ClInclude Include="src\monster.h">
      <Filter>Header Files</Filter>
    </ClInclude>
    <ClInclude Include="src\card.h">
      <Filter>Header Files</Filter>
    </ClInclude>
    <ClInclude Include="src\battlefield.h">
      <Filter>Header Files</Filter>
    </ClInclude>
    <ClInclude Include="src\TextManager.h">
      <Filter>Header Files</Filter>
    </ClInclude>
    <ClInclude Include="src\OffScreenRender.h">
      <Filter>Source Files</Filter>
    </ClInclude>
  </ItemGroup>
  <ItemGroup>
    <Image Include="src\sprites\mat.png" />
    <Text Include="src\NewFile.txt" />
  </ItemGroup>
</Project>